Microsoft Visual Studio Solution File, Format Version 11.00
# Visual Studio 2010
Project("{FAE04EC0-301F-11D3-BF4B-00C04F79EFBC}") = "Assembly-CSharp", "Assembly-CSharp.csproj", "{DAB967A8-D554-61B2-7750-28C899E2D1BF}"
EndProject
Project("{FAE04EC0-301F-11D3-BF4B-00C04F79EFBC}") = "Assembly-CSharp-Editor", "Assembly-CSharp-Editor.csproj", "{280DC080-E1FF-C60A-03A9-230DCFCD6203}"
EndProject
Global
	GlobalSection(SolutionConfigurationPlatforms) = preSolution
		Debug|Any CPU = Debug|Any CPU
		Release|Any CPU = Release|Any CPU
	EndGlobalSection
	GlobalSection(ProjectConfigurationPlatforms) = postSolution
		{DAB967A8-D554-61B2-7750-28C899E2D1BF}.Debug|Any CPU.ActiveCfg = Debug|Any CPU
		{DAB967A8-D554-61B2-7750-28C899E2D1BF}.Debug|Any CPU.Build.0 = Debug|Any CPU
		{DAB967A8-D554-61B2-7750-28C899E2D1BF}.Release|Any CPU.ActiveCfg = Release|Any CPU
		{DAB967A8-D554-61B2-7750-28C899E2D1BF}.Release|Any CPU.Build.0 = Release|Any CPU
		{280DC080-E1FF-C60A-03A9-230DCFCD6203}.Debug|Any CPU.ActiveCfg = Debug|Any CPU
		{280DC080-E1FF-C60A-03A9-230DCFCD6203}.Debug|Any CPU.Build.0 = Debug|Any CPU
		{280DC080-E1FF-C60A-03A9-230DCFCD6203}.Release|Any CPU.ActiveCfg = Release|Any CPU
		{280DC080-E1FF-C60A-03A9-230DCFCD6203}.Release|Any CPU.Build.0 = Release|Any CPU
	EndGlobalSection
	GlobalSection(SolutionProperties) = preSolution
		HideSolutionNode = FALSE
	EndGlobalSection
	GlobalSection(MonoDevelopProperties) = preSolution
		StartupItem = Assembly-CSharp.csproj
	EndGlobalSection
EndGlobal
